// !$*UTF8*$!
{
	archiveVersion = 1;
	classes = {
	};
	objectVersion = 50;
	objects = {

/* Begin PBXBuildFile section */
		136C30AF2475C14F00AFA412 /* AppDelegate.swift in Sources */ = {isa = PBXBuildFile; fileRef = 136C30AE2475C14F00AFA412 /* AppDelegate.swift */; };
		136C30B12475C14F00AFA412 /* SceneDelegate.swift in Sources */ = {isa = PBXBuildFile; fileRef = 136C30B02475C14F00AFA412 /* SceneDelegate.swift */; };
		136C30B32475C14F00AFA412 /* ContentView.swift in Sources */ = {isa = PBXBuildFile; fileRef = 136C30B22475C14F00AFA412 /* ContentView.swift */; };
		136C30B52475C15000AFA412 /* Assets.xcassets in Resources */ = {isa = PBXBuildFile; fileRef = 136C30B42475C15000AFA412 /* Assets.xcassets */; };
		136C30B82475C15000AFA412 /* Preview Assets.xcassets in Resources */ = {isa = PBXBuildFile; fileRef = 136C30B72475C15000AFA412 /* Preview Assets.xcassets */; };
		136C30BB2475C15000AFA412 /* LaunchScreen.storyboard in Resources */ = {isa = PBXBuildFile; fileRef = 136C30B92475C15000AFA412 /* LaunchScreen.storyboard */; };
		136C30C32475C1E600AFA412 /* README.md in Resources */ = {isa = PBXBuildFile; fileRef = 136C30C22475C1E600AFA412 /* README.md */; };
		136C30C62475C4AD00AFA412 /* RootPresentationMode.swift in Sources */ = {isa = PBXBuildFile; fileRef = 136C30C52475C4AD00AFA412 /* RootPresentationMode.swift */; };
/* End PBXBuildFile section */

/* Begin PBXFileReference section */
		136C30AB2475C14F00AFA412 /* SwiftUI-PopToRootExample.app */ = {isa = PBXFileReference; explicitFileType = wrapper.application; includeInIndex = 0; path = "SwiftUI-PopToRootExample.app"; sourceTree = BUILT_PRODUCTS_DIR; };
		136C30AE2475C14F00AFA412 /* AppDelegate.swift */ = {isa = PBXFileReference; lastKnownFileType = sourcecode.swift; path = AppDelegate.swift; sourceTree = "<group>"; };
		136C30B02475C14F00AFA412 /* SceneDelegate.swift */ = {isa = PBXFileReference; lastKnownFileType = sourcecode.swift; path = SceneDelegate.swift; sourceTree = "<group>"; };
		136C30B22475C14F00AFA412 /* ContentView.swift */ = {isa = PBXFileReference; lastKnownFileType = sourcecode.swift; path = ContentView.swift; sourceTree = "<group>"; };
		136C30B42475C15000AFA412 /* Assets.xcassets */ = {isa = PBXFileReference; lastKnownFileType = folder.assetcatalog; path = Assets.xcassets; sourceTree = "<group>"; };
		136C30B72475C15000AFA412 /* Preview Assets.xcassets */ = {isa = PBXFileReference; lastKnownFileType = folder.assetcatalog; path = "Preview Assets.xcassets"; sourceTree = "<group>"; };
		136C30BA2475C15000AFA412 /* Base */ = {isa = PBXFileReference; lastKnownFileType = file.storyboard; name = Base; path = Base.lproj/LaunchScreen.storyboard; sourceTree = "<group>"; };
		136C30BC2475C15000AFA412 /* Info.plist */ = {isa = PBXFileReference; lastKnownFileType = text.plist.xml; path = Info.plist; sourceTree = "<group>"; };
		136C30C22475C1E600AFA412 /* README.md */ = {isa = PBXFileReference; fileEncoding = 4; lastKnownFileType = net.daringfireball.markdown; path = README.md; sourceTree = "<group>"; };
		136C30C42475C36300AFA412 /* SwiftUI-PopToRootExample.entitlements */ = {isa = PBXFileReference; lastKnownFileType = text.plist.entitlements; path = "SwiftUI-PopToRootExample.entitlements"; sourceTree = "<group>"; };
		136C30C52475C4AD00AFA412 /* RootPresentationMode.swift */ = {isa = PBXFileReference; lastKnownFileType = sourcecode.swift; path = RootPresentationMode.swift; sourceTree = "<group>"; };
/* End PBXFileReference section */

/* Begin PBXFrameworksBuildPhase section */
		136C30A82475C14F00AFA412 /* Frameworks */ = {
			isa = PBXFrameworksBuildPhase;
			buildActionMask = 2147483647;
			files = (
			);
			runOnlyForDeploymentPostprocessing = 0;
		};
/* End PBXFrameworksBuildPhase section */

/* Begin PBXGroup section */
		136C30A22475C14F00AFA412 = {
			isa = PBXGroup;
			children = (
				136C30C22475C1E600AFA412 /* README.md */,
				136C30AD2475C14F00AFA412 /* SwiftUI-PopToRootExample */,
				136C30AC2475C14F00AFA412 /* Products */,
			);
			sourceTree = "<group>";
		};
		136C30AC2475C14F00AFA412 /* Products */ = {
			isa = PBXGroup;
			children = (
				136C30AB2475C14F00AFA412 /* SwiftUI-PopToRootExample.app */,
			);
			name = Products;
			sourceTree = "<group>";
		};
		136C30AD2475C14F00AFA412 /* SwiftUI-PopToRootExample */ = {
			isa = PBXGroup;
			children = (
				136C30AE2475C14F00AFA412 /* AppDelegate.swift */,
				136C30B02475C14F00AFA412 /* SceneDelegate.swift */,
				136C30B22475C14F00AFA412 /* ContentView.swift */,
				136C30C52475C4AD00AFA412 /* RootPresentationMode.swift */,
				136C30B42475C15000AFA412 /* Assets.xcassets */,
				136C30B92475C15000AFA412 /* LaunchScreen.storyboard */,
				136C30BC2475C15000AFA412 /* Info.plist */,
				136C30C42475C36300AFA412 /* SwiftUI-PopToRootExample.entitlements */,
				136C30B62475C15000AFA412 /* Preview Content */,
			);
			path = "SwiftUI-PopToRootExample";
			sourceTree = "<group>";
		};
		136C30B62475C15000AFA412 /* Preview Content */ = {
			isa = PBXGroup;
			children = (
				136C30B72475C15000AFA412 /* Preview Assets.xcassets */,
			);
			path = "Preview Content";
			sourceTree = "<group>";
		};
/* End PBXGroup section */

/* Begin PBXNativeTarget section */
		136C30AA2475C14F00AFA412 /* SwiftUI-PopToRootExample */ = {
			isa = PBXNativeTarget;
			buildConfigurationList = 136C30BF2475C15000AFA412 /* Build configuration list for PBXNativeTarget "SwiftUI-PopToRootExample" */;
			buildPhases = (
				136C30A72475C14F00AFA412 /* Sources */,
				136C30A82475C14F00AFA412 /* Frameworks */,
				136C30A92475C14F00AFA412 /* Resources */,
			);
			buildRules = (
			);
			dependencies = (
			);
			name = "SwiftUI-PopToRootExample";
			productName = "SwiftUI-PopToRootExample";
			productReference = 136C30AB2475C14F00AFA412 /* SwiftUI-PopToRootExample.app */;
			productType = "com.apple.product-type.application";
		};
/* End PBXNativeTarget section */

/* Begin PBXProject section */
		136C30A32475C14F00AFA412 /* Project object */ = {
			isa = PBXProject;
			attributes = {
				LastSwiftUpdateCheck = 1140;
				LastUpgradeCheck = 1250;
				ORGANIZATIONNAME = ForeTheGreen;
				TargetAttributes = {
					136C30AA2475C14F00AFA412 = {
						CreatedOnToolsVersion = 11.4.1;
					};
				};
			};
			buildConfigurationList = 136C30A62475C14F00AFA412 /* Build configuration list for PBXProject "SwiftUI-PopToRootExample" */;
			compatibilityVersion = "Xcode 9.3";
			developmentRegion = en;
			hasScannedForEncodings = 0;
			knownRegions = (
				en,
				Base,
			);
			mainGroup = 136C30A22475C14F00AFA412;
			productRefGroup = 136C30AC2475C14F00AFA412 /* Products */;
			projectDirPath = "";
			projectRoot = "";
			targets = (
				136C30AA2475C14F00AFA412 /* SwiftUI-PopToRootExample */,
			);
		};
/* End PBXProject section */

/* Begin PBXResourcesBuildPhase section */
		136C30A92475C14F00AFA412 /* Resources */ = {
			isa = PBXResourcesBuildPhase;
			buildActionMask = 2147483647;
			files = (
				136C30BB2475C15000AFA412 /* LaunchScreen.storyboard in Resources */,
				136C30B82475C15000AFA412 /* Preview Assets.xcassets in Resources */,
				136C30C32475C1E600AFA412 /* README.md in Resources */,
				136C30B52475C15000AFA412 /* Assets.xcassets in Resources */,
			);
			runOnlyForDeploymentPostprocessing = 0;
		};
/* End PBXResourcesBuildPhase section */

/* Begin PBXSourcesBuildPhase section */
		136C30A72475C14F00AFA412 /* Sources */ = {
			isa = PBXSourcesBuildPhase;
			buildActionMask = 2147483647;
			files = (
				136C30AF2475C14F00AFA412 /* AppDelegate.swift in Sources */,
				136C30B12475C14F00AFA412 /* SceneDelegate.swift in Sources */,
				136C30C62475C4AD00AFA412 /* RootPresentationMode.swift in Sources */,
				136C30B32475C14F00AFA412 /* ContentView.swift in Sources */,
			);
			runOnlyForDeploymentPostprocessing = 0;
		};
/* End PBXSourcesBuildPhase section */

/* Begin PBXVariantGroup section */
		136C30B92475C15000AFA412 /* LaunchScreen.storyboard */ = {
			isa = PBXVariantGroup;
			children = (
				136C30BA2475C15000AFA412 /* Base */,
			);
			name = LaunchScreen.storyboard;
			sourceTree = "<group>";
		};
/* End PBXVariantGroup section */

/* Begin XCBuildConfiguration section */
		136C30BD2475C15000AFA412 /* Debug */ = {
			isa = XCBuildConfiguration;
			buildSettings = {
				ALWAYS_SEARCH_USER_PATHS = NO;
				CLANG_ANALYZER_NONNULL = YES;
				CLANG_ANALYZER_NUMBER_OBJECT_CONVERSION = YES_AGGRESSIVE;
				CLANG_CXX_LANGUAGE_STANDARD = "gnu++14";
				CLANG_CXX_LIBRARY = "libc++";
				CLANG_ENABLE_MODULES = YES;
				CLANG_ENABLE_OBJC_ARC = YES;
				CLANG_ENABLE_OBJC_WEAK = YES;
				CLANG_WARN_BLOCK_CAPTURE_AUTORELEASING = YES;
				CLANG_WARN_BOOL_CONVERSION = YES;
				CLANG_WARN_COMMA = YES;
				CLANG_WARN_CONSTANT_CONVERSION = YES;
				CLANG_WARN_DEPRECATED_OBJC_IMPLEMENTATIONS = YES;
				CLANG_WARN_DIRECT_OBJC_ISA_USAGE = YES_ERROR;
				CLANG_WARN_DOCUMENTATION_COMMENTS = YES;
				CLANG_WARN_EMPTY_BODY = YES;
				CLANG_WARN_ENUM_CONVERSION = YES;
				CLANG_WARN_INFINITE_RECURSION = YES;
				CLANG_WARN_INT_CONVERSION = YES;
				CLANG_WARN_NON_LITERAL_NULL_CONVERSION = YES;
				CLANG_WARN_OBJC_IMPLICIT_RETAIN_SELF = YES;
				CLANG_WARN_OBJC_LITERAL_CONVERSION = YES;
				CLANG_WARN_OBJC_ROOT_CLASS = YES_ERROR;
				CLANG_WARN_QUOTED_INCLUDE_IN_FRAMEWORK_HEADER = YES;
				CLANG_WARN_RANGE_LOOP_ANALYSIS = YES;
				CLANG_WARN_STRICT_PROTOTYPES = YES;
				CLANG_WARN_SUSPICIOUS_MOVE = YES;
				CLANG_WARN_UNGUARDED_AVAILABILITY = YES_AGGRESSIVE;
				CLANG_WARN_UNREACHABLE_CODE = YES;
				CLANG_WARN__DUPLICATE_METHOD_MATCH = YES;
				COPY_PHASE_STRIP = NO;
				DEBUG_INFORMATION_FORMAT = dwarf;
				ENABLE_STRICT_OBJC_MSGSEND = YES;
				ENABLE_TESTABILITY = YES;
				GCC_C_LANGUAGE_STANDARD = gnu11;
				GCC_DYNAMIC_NO_PIC = NO;
				GCC_NO_COMMON_BLOCKS = YES;
				GCC_OPTIMIZATION_LEVEL = 0;
				GCC_PREPROCESSOR_DEFINITIONS = (
					"DEBUG=1",
					"$(inherited)",
				);
				GCC_WARN_64_TO_32_BIT_CONVERSION = YES;
				GCC_WARN_ABOUT_RETURN_TYPE = YES_ERROR;
				GCC_WARN_UNDECLARED_SELECTOR = YES;
				GCC_WARN_UNINITIALIZED_AUTOS = YES_AGGRESSIVE;
				GCC_WARN_UNUSED_FUNCTION = YES;
				GCC_WARN_UNUSED_VARIABLE = YES;
				IPHONEOS_DEPLOYMENT_TARGET = 15.0;
				MTL_ENABLE_DEBUG_INFO = INCLUDE_SOURCE;
				MTL_FAST_MATH = YES;
				ONLY_ACTIVE_ARCH = YES;
				SDKROOT = iphoneos;
				SWIFT_ACTIVE_COMPILATION_CONDITIONS = DEBUG;
				SWIFT_OPTIMIZATION_LEVEL = "-Onone";
			};
			name = Debug;
		};
		136C30BE2475C15000AFA412 /* Release */ = {
			isa = XCBuildConfiguration;
			buildSettings = {
				ALWAYS_SEARCH_USER_PATHS = NO;
				CLANG_ANALYZER_NONNULL = YES;
				CLANG_ANALYZER_NUMBER_OBJECT_CONVERSION = YES_AGGRESSIVE;
				CLANG_CXX_LANGUAGE_STANDARD = "gnu++14";
				CLANG_CXX_LIBRARY = "libc++";
				CLANG_ENABLE_MODULES = YES;
				CLANG_ENABLE_OBJC_ARC = YES;
				CLANG_ENABLE_OBJC_WEAK = YES;
				CLANG_WARN_BLOCK_CAPTURE_AUTORELEASING = YES;
				CLANG_WARN_BOOL_CONVERSION = YES;
				CLANG_WARN_COMMA = YES;
				CLANG_WARN_CONSTANT_CONVERSION = YES;
				CLANG_WARN_DEPRECATED_OBJC_IMPLEMENTATIONS = YES;
				CLANG_WARN_DIRECT_OBJC_ISA_USAGE = YES_ERROR;
				CLANG_WARN_DOCUMENTATION_COMMENTS = YES;
				CLANG_WARN_EMPTY_BODY = YES;
				CLANG_WARN_ENUM_CONVERSION = YES;
				CLANG_WARN_INFINITE_RECURSION = YES;
				CLANG_WARN_INT_CONVERSION = YES;
				CLANG_WARN_NON_LITERAL_NULL_CONVERSION = YES;
				CLANG_WARN_OBJC_IMPLICIT_RETAIN_SELF = YES;
				CLANG_WARN_OBJC_LITERAL_CONVERSION = YES;
				CLANG_WARN_OBJC_ROOT_CLASS = YES_ERROR;
				CLANG_WARN_QUOTED_INCLUDE_IN_FRAMEWORK_HEADER = YES;
				CLANG_WARN_RANGE_LOOP_ANALYSIS = YES;
				CLANG_WARN_STRICT_PROTOTYPES = YES;
				CLANG_WARN_SUSPICIOUS_MOVE = YES;
				CLANG_WARN_UNGUARDED_AVAILABILITY = YES_AGGRESSIVE;
				CLANG_WARN_UNREACHABLE_CODE = YES;
				CLANG_WARN__DUPLICATE_METHOD_MATCH = YES;
				COPY_PHASE_STRIP = NO;
				DEBUG_INFORMATION_FORMAT = "dwarf-with-dsym";
				ENABLE_NS_ASSERTIONS = NO;
				ENABLE_STRICT_OBJC_MSGSEND = YES;
				GCC_C_LANGUAGE_STANDARD = gnu11;
				GCC_NO_COMMON_BLOCKS = YES;
				GCC_WARN_64_TO_32_BIT_CONVERSION = YES;
				GCC_WARN_ABOUT_RETURN_TYPE = YES_ERROR;
				GCC_WARN_UNDECLARED_SELECTOR = YES;
				GCC_WARN_UNINITIALIZED_AUTOS = YES_AGGRESSIVE;
				GCC_WARN_UNUSED_FUNCTION = YES;
				GCC_WARN_UNUSED_VARIABLE = YES;
				IPHONEOS_DEPLOYMENT_TARGET = 15.0;
				MTL_ENABLE_DEBUG_INFO = NO;
				MTL_FAST_MATH = YES;
				SDKROOT = iphoneos;
				SWIFT_COMPILATION_MODE = wholemodule;
				SWIFT_OPTIMIZATION_LEVEL = "-O";
				VALIDATE_PRODUCT = YES;
			};
			name = Release;
		};
		136C30C02475C15000AFA412 /* Debug */ = {
			isa = XCBuildConfiguration;
			buildSettings = {
				ASSETCATALOG_COMPILER_APPICON_NAME = AppIcon;
				CODE_SIGN_ENTITLEMENTS = "SwiftUI-PopToRootExample/SwiftUI-PopToRootExample.entitlements";
				CODE_SIGN_STYLE = Automatic;
				DEVELOPMENT_ASSET_PATHS = "\"SwiftUI-PopToRootExample/Preview Content\"";
				DEVELOPMENT_TEAM = 64WN437W3Z;
				ENABLE_PREVIEWS = YES;
				INFOPLIST_FILE = "SwiftUI-PopToRootExample/Info.plist";
				LD_RUNPATH_SEARCH_PATHS = (
					"$(inherited)",
					"@executable_path/Frameworks",
				);
				PRODUCT_BUNDLE_IDENTIFIER = "com.ForeTheGreen.SwiftUI-PopToRootExample";
				PRODUCT_NAME = "$(TARGET_NAME)";
				SUPPORTS_MACCATALYST = YES;
				SWIFT_VERSION = 5.0;
				TARGETED_DEVICE_FAMILY = "1,2";
			};
			name = Debug;
		};
		136C30C12475C15000AFA412 /* Release */ = {
			isa = XCBuildConfiguration;
			buildSettings = {
				ASSETCATALOG_COMPILER_APPICON_NAME = AppIcon;
				CODE_SIGN_ENTITLEMENTS = "SwiftUI-PopToRootExample/SwiftUI-PopToRootExample.entitlements";
				CODE_SIGN_STYLE = Automatic;
				DEVELOPMENT_ASSET_PATHS = "\"SwiftUI-PopToRootExample/Preview Content\"";
				DEVELOPMENT_TEAM = 64WN437W3Z;
				ENABLE_PREVIEWS = YES;
				INFOPLIST_FILE = "SwiftUI-PopToRootExample/Info.plist";
				LD_RUNPATH_SEARCH_PATHS = (
					"$(inherited)",
					"@executable_path/Frameworks",
				);
				PRODUCT_BUNDLE_IDENTIFIER = "com.ForeTheGreen.SwiftUI-PopToRootExample";
				PRODUCT_NAME = "$(TARGET_NAME)";
				SUPPORTS_MACCATALYST = YES;
				SWIFT_VERSION = 5.0;
				TARGETED_DEVICE_FAMILY = "1,2";
			};
			name = Release;
		};
/* End XCBuildConfiguration section */

/* Begin XCConfigurationList section */
		136C30A62475C14F00AFA412 /* Build configuration list for PBXProject "SwiftUI-PopToRootExample" */ = {
			isa = XCConfigurationList;
			buildConfigurations = (
				136C30BD2475C15000AFA412 /* Debug */,
				136C30BE2475C15000AFA412 /* Release */,
			);
			defaultConfigurationIsVisible = 0;
			defaultConfigurationName = Release;
		};
		136C30BF2475C15000AFA412 /* Build configuration list for PBXNativeTarget "SwiftUI-PopToRootExample" */ = {
			isa = XCConfigurationList;
			buildConfigurations = (
				136C30C02475C15000AFA412 /* Debug */,
				136C30C12475C15000AFA412 /* Release */,
			);
			defaultConfigurationIsVisible = 0;
			defaultConfigurationName = Release;
		};
/* End XCConfigurationList section */
	};
	rootObject = 136C30A32475C14F00AFA412 /* Project object */;
}
